
Microsoft Visual Studio Solution File, Format Version 12.00
# Visual Studio 15
VisualStudioVersion = 15.0.27128.1
MinimumVisualStudioVersion = 10.0.40219.1
Project("{FAE04EC0-301F-11D3-BF4B-00C04F79EFBC}") = "Pulse8Test", "Pulse8Test\Pulse8Test.csproj", "{0C6863C3-1926-4D53-9CB3-81296CA56113}"
EndProject
Project("{FAE04EC0-301F-11D3-BF4B-00C04F79EFBC}") = "DAL", "DAL\DAL.csproj", "{83AF563B-2177-4460-BCA2-A0B12DCB5133}"
EndProject
Project("{FAE04EC0-301F-11D3-BF4B-00C04F79EFBC}") = "Model", "Model\Model.csproj", "{9BD50E21-2409-4FA5-B7C0-95417C626A9D}"
EndProject
Global
	GlobalSection(SolutionConfigurationPlatforms) = preSolution
		Debug|Any CPU = Debug|Any CPU
		Release|Any CPU = Release|Any CPU
	EndGlobalSection
	GlobalSection(ProjectConfigurationPlatforms) = postSolution
		{0C6863C3-1926-4D53-9CB3-81296CA56113}.Debug|Any CPU.ActiveCfg = Debug|Any CPU
		{0C6863C3-1926-4D53-9CB3-81296CA56113}.Debug|Any CPU.Build.0 = Debug|Any CPU
		{0C6863C3-1926-4D53-9CB3-81296CA56113}.Release|Any CPU.ActiveCfg = Release|Any CPU
		{0C6863C3-1926-4D53-9CB3-81296CA56113}.Release|Any CPU.Build.0 = Release|Any CPU
		{83AF563B-2177-4460-BCA2-A0B12DCB5133}.Debug|Any CPU.ActiveCfg = Debug|Any CPU
		{83AF563B-2177-4460-BCA2-A0B12DCB5133}.Debug|Any CPU.Build.0 = Debug|Any CPU
		{83AF563B-2177-4460-BCA2-A0B12DCB5133}.Release|Any CPU.ActiveCfg = Release|Any CPU
		{83AF563B-2177-4460-BCA2-A0B12DCB5133}.Release|Any CPU.Build.0 = Release|Any CPU
		{9BD50E21-2409-4FA5-B7C0-95417C626A9D}.Debug|Any CPU.ActiveCfg = Debug|Any CPU
		{9BD50E21-2409-4FA5-B7C0-95417C626A9D}.Debug|Any CPU.Build.0 = Debug|Any CPU
		{9BD50E21-2409-4FA5-B7C0-95417C626A9D}.Release|Any CPU.ActiveCfg = Release|Any CPU
		{9BD50E21-2409-4FA5-B7C0-95417C626A9D}.Release|Any CPU.Build.0 = Release|Any CPU
	EndGlobalSection
	GlobalSection(SolutionProperties) = preSolution
		HideSolutionNode = FALSE
	EndGlobalSection
	GlobalSection(ExtensibilityGlobals) = postSolution
		SolutionGuid = {ADDE139F-8BA7-4D4B-B38A-D4FBC98A32FC}
	EndGlobalSection
EndGlobal
